// !$*UTF8*$!
{
	archiveVersion = 1;
	classes = {
	};
	objectVersion = 46;
	objects = {

/* Begin PBXBuildFile section */
		E26487FD1CDFC239007127BA /* AppDelegate.swift in Sources */ = {isa = PBXBuildFile; fileRef = E26487FC1CDFC239007127BA /* AppDelegate.swift */; };
		E26487FF1CDFC239007127BA /* ViewController.swift in Sources */ = {isa = PBXBuildFile; fileRef = E26487FE1CDFC239007127BA /* ViewController.swift */; };
		E26488021CDFC239007127BA /* Main.storyboard in Resources */ = {isa = PBXBuildFile; fileRef = E26488001CDFC239007127BA /* Main.storyboard */; };
		E26488041CDFC239007127BA /* Assets.xcassets in Resources */ = {isa = PBXBuildFile; fileRef = E26488031CDFC239007127BA /* Assets.xcassets */; };
		E26488071CDFC239007127BA /* LaunchScreen.storyboard in Resources */ = {isa = PBXBuildFile; fileRef = E26488051CDFC239007127BA /* LaunchScreen.storyboard */; };
		E26488101CDFC24B007127BA /* ff7.jpeg in Resources */ = {isa = PBXBuildFile; fileRef = E264880E1CDFC24B007127BA /* ff7.jpeg */; };
		E26488111CDFC24B007127BA /* ff7-main-theme.mp3 in Resources */ = {isa = PBXBuildFile; fileRef = E264880F1CDFC24B007127BA /* ff7-main-theme.mp3 */; };
/* End PBXBuildFile section */

/* Begin PBXFileReference section */
		E26487F91CDFC239007127BA /* FF7.app */ = {isa = PBXFileReference; explicitFileType = wrapper.application; includeInIndex = 0; path = FF7.app; sourceTree = BUILT_PRODUCTS_DIR; };
		E26487FC1CDFC239007127BA /* AppDelegate.swift */ = {isa = PBXFileReference; lastKnownFileType = sourcecode.swift; path = AppDelegate.swift; sourceTree = "<group>"; };
		E26487FE1CDFC239007127BA /* ViewController.swift */ = {isa = PBXFileReference; lastKnownFileType = sourcecode.swift; path = ViewController.swift; sourceTree = "<group>"; };
		E26488011CDFC239007127BA /* Base */ = {isa = PBXFileReference; lastKnownFileType = file.storyboard; name = Base; path = Base.lproj/Main.storyboard; sourceTree = "<group>"; };
		E26488031CDFC239007127BA /* Assets.xcassets */ = {isa = PBXFileReference; lastKnownFileType = folder.assetcatalog; path = Assets.xcassets; sourceTree = "<group>"; };
		E26488061CDFC239007127BA /* Base */ = {isa = PBXFileReference; lastKnownFileType = file.storyboard; name = Base; path = Base.lproj/LaunchScreen.storyboard; sourceTree = "<group>"; };
		E26488081CDFC239007127BA /* Info.plist */ = {isa = PBXFileReference; lastKnownFileType = text.plist.xml; path = Info.plist; sourceTree = "<group>"; };
		E264880E1CDFC24B007127BA /* ff7.jpeg */ = {isa = PBXFileReference; lastKnownFileType = image.jpeg; path = ff7.jpeg; sourceTree = "<group>"; };
		E264880F1CDFC24B007127BA /* ff7-main-theme.mp3 */ = {isa = PBXFileReference; lastKnownFileType = audio.mp3; path = "ff7-main-theme.mp3"; sourceTree = "<group>"; };
/* End PBXFileReference section */

/* Begin PBXFrameworksBuildPhase section */
		E26487F61CDFC239007127BA /* Frameworks */ = {
			isa = PBXFrameworksBuildPhase;
			buildActionMask = 2147483647;
			files = (
			);
			runOnlyForDeploymentPostprocessing = 0;
		};
/* End PBXFrameworksBuildPhase section */

/* Begin PBXGroup section */
		E26487F01CDFC239007127BA = {
			isa = PBXGroup;
			children = (
				E26487FB1CDFC239007127BA /* FF7 */,
				E26487FA1CDFC239007127BA /* Products */,
			);
			sourceTree = "<group>";
		};
		E26487FA1CDFC239007127BA /* Products */ = {
			isa = PBXGroup;
			children = (
				E26487F91CDFC239007127BA /* FF7.app */,
			);
			name = Products;
			sourceTree = "<group>";
		};
		E26487FB1CDFC239007127BA /* FF7 */ = {
			isa = PBXGroup;
			children = (
				E26487FC1CDFC239007127BA /* AppDelegate.swift */,
				E26487FE1CDFC239007127BA /* ViewController.swift */,
				E264880E1CDFC24B007127BA /* ff7.jpeg */,
				E264880F1CDFC24B007127BA /* ff7-main-theme.mp3 */,
				E26488001CDFC239007127BA /* Main.storyboard */,
				E26488031CDFC239007127BA /* Assets.xcassets */,
				E26488051CDFC239007127BA /* LaunchScreen.storyboard */,
				E26488081CDFC239007127BA /* Info.plist */,
			);
			path = FF7;
			sourceTree = "<group>";
		};
/* End PBXGroup section */

/* Begin PBXNativeTarget section */
		E26487F81CDFC239007127BA /* FF7 */ = {
			isa = PBXNativeTarget;
			buildConfigurationList = E264880B1CDFC239007127BA /* Build configuration list for PBXNativeTarget "FF7" */;
			buildPhases = (
				E26487F51CDFC239007127BA /* Sources */,
				E26487F61CDFC239007127BA /* Frameworks */,
				E26487F71CDFC239007127BA /* Resources */,
			);
			buildRules = (
			);
			dependencies = (
			);
			name = FF7;
			productName = FF7;
			productReference = E26487F91CDFC239007127BA /* FF7.app */;
			productType = "com.apple.product-type.application";
		};
/* End PBXNativeTarget section */

/* Begin PBXProject section */
		E26487F11CDFC239007127BA /* Project object */ = {
			isa = PBXProject;
			attributes = {
				LastSwiftUpdateCheck = 0720;
				LastUpgradeCheck = 0720;
				ORGANIZATIONNAME = "Vincent Barresi";
				TargetAttributes = {
					E26487F81CDFC239007127BA = {
						CreatedOnToolsVersion = 7.2;
						DevelopmentTeam = W7PDGJHBGF;
						LastSwiftMigration = 0820;
					};
				};
			};
			buildConfigurationList = E26487F41CDFC239007127BA /* Build configuration list for PBXProject "FF7" */;
			compatibilityVersion = "Xcode 3.2";
			developmentRegion = English;
			hasScannedForEncodings = 0;
			knownRegions = (
				en,
				Base,
			);
			mainGroup = E26487F01CDFC239007127BA;
			productRefGroup = E26487FA1CDFC239007127BA /* Products */;
			projectDirPath = "";
			projectRoot = "";
			targets = (
				E26487F81CDFC239007127BA /* FF7 */,
			);
		};
/* End PBXProject section */

/* Begin PBXResourcesBuildPhase section */
		E26487F71CDFC239007127BA /* Resources */ = {
			isa = PBXResourcesBuildPhase;
			buildActionMask = 2147483647;
			files = (
				E26488071CDFC239007127BA /* LaunchScreen.storyboard in Resources */,
				E26488041CDFC239007127BA /* Assets.xcassets in Resources */,
				E26488111CDFC24B007127BA /* ff7-main-theme.mp3 in Resources */,
				E26488021CDFC239007127BA /* Main.storyboard in Resources */,
				E26488101CDFC24B007127BA /* ff7.jpeg in Resources */,
			);
			runOnlyForDeploymentPostprocessing = 0;
		};
/* End PBXResourcesBuildPhase section */

/* Begin PBXSourcesBuildPhase section */
		E26487F51CDFC239007127BA /* Sources */ = {
			isa = PBXSourcesBuildPhase;
			buildActionMask = 2147483647;
			files = (
				E26487FF1CDFC239007127BA /* ViewController.swift in Sources */,
				E26487FD1CDFC239007127BA /* AppDelegate.swift in Sources */,
			);
			runOnlyForDeploymentPostprocessing = 0;
		};
/* End PBXSourcesBuildPhase section */

/* Begin PBXVariantGroup section */
		E26488001CDFC239007127BA /* Main.storyboard */ = {
			isa = PBXVariantGroup;
			children = (
				E26488011CDFC239007127BA /* Base */,
			);
			name = Main.storyboard;
			sourceTree = "<group>";
		};
		E26488051CDFC239007127BA /* LaunchScreen.storyboard */ = {
			isa = PBXVariantGroup;
			children = (
				E26488061CDFC239007127BA /* Base */,
			);
			name = LaunchScreen.storyboard;
			sourceTree = "<group>";
		};
/* End PBXVariantGroup section */

/* Begin XCBuildConfiguration section */
		E26488091CDFC239007127BA /* Debug */ = {
			isa = XCBuildConfiguration;
			buildSettings = {
				ALWAYS_SEARCH_USER_PATHS = NO;
				CLANG_CXX_LANGUAGE_STANDARD = "gnu++0x";
				CLANG_CXX_LIBRARY = "libc++";
				CLANG_ENABLE_MODULES = YES;
				CLANG_ENABLE_OBJC_ARC = YES;
				CLANG_WARN_BOOL_CONVERSION = YES;
				CLANG_WARN_CONSTANT_CONVERSION = YES;
				CLANG_WARN_DIRECT_OBJC_ISA_USAGE = YES_ERROR;
				CLANG_WARN_EMPTY_BODY = YES;
				CLANG_WARN_ENUM_CONVERSION = YES;
				CLANG_WARN_INT_CONVERSION = YES;
				CLANG_WARN_OBJC_ROOT_CLASS = YES_ERROR;
				CLANG_WARN_UNREACHABLE_CODE = YES;
				CLANG_WARN__DUPLICATE_METHOD_MATCH = YES;
				"CODE_SIGN_IDENTITY[sdk=iphoneos*]" = "iPhone Developer";
				COPY_PHASE_STRIP = NO;
				DEBUG_INFORMATION_FORMAT = dwarf;
				ENABLE_STRICT_OBJC_MSGSEND = YES;
				ENABLE_TESTABILITY = YES;
				GCC_C_LANGUAGE_STANDARD = gnu99;
				GCC_DYNAMIC_NO_PIC = NO;
				GCC_NO_COMMON_BLOCKS = YES;
				GCC_OPTIMIZATION_LEVEL = 0;
				GCC_PREPROCESSOR_DEFINITIONS = (
					"DEBUG=1",
					"$(inherited)",
				);
				GCC_WARN_64_TO_32_BIT_CONVERSION = YES;
				GCC_WARN_ABOUT_RETURN_TYPE = YES_ERROR;
				GCC_WARN_UNDECLARED_SELECTOR = YES;
				GCC_WARN_UNINITIALIZED_AUTOS = YES_AGGRESSIVE;
				GCC_WARN_UNUSED_FUNCTION = YES;
				GCC_WARN_UNUSED_VARIABLE = YES;
				IPHONEOS_DEPLOYMENT_TARGET = 9.2;
				MTL_ENABLE_DEBUG_INFO = YES;
				ONLY_ACTIVE_ARCH = YES;
				SDKROOT = iphoneos;
				SWIFT_OPTIMIZATION_LEVEL = "-Onone";
			};
			name = Debug;
		};
		E264880A1CDFC239007127BA /* Release */ = {
			isa = XCBuildConfiguration;
			buildSettings = {
				ALWAYS_SEARCH_USER_PATHS = NO;
				CLANG_CXX_LANGUAGE_STANDARD = "gnu++0x";
				CLANG_CXX_LIBRARY = "libc++";
				CLANG_ENABLE_MODULES = YES;
				CLANG_ENABLE_OBJC_ARC = YES;
				CLANG_WARN_BOOL_CONVERSION = YES;
				CLANG_WARN_CONSTANT_CONVERSION = YES;
				CLANG_WARN_DIRECT_OBJC_ISA_USAGE = YES_ERROR;
				CLANG_WARN_EMPTY_BODY = YES;
				CLANG_WARN_ENUM_CONVERSION = YES;
				CLANG_WARN_INT_CONVERSION = YES;
				CLANG_WARN_OBJC_ROOT_CLASS = YES_ERROR;
				CLANG_WARN_UNREACHABLE_CODE = YES;
				CLANG_WARN__DUPLICATE_METHOD_MATCH = YES;
				"CODE_SIGN_IDENTITY[sdk=iphoneos*]" = "iPhone Developer";
				COPY_PHASE_STRIP = NO;
				DEBUG_INFORMATION_FORMAT = "dwarf-with-dsym";
				ENABLE_NS_ASSERTIONS = NO;
				ENABLE_STRICT_OBJC_MSGSEND = YES;
				GCC_C_LANGUAGE_STANDARD = gnu99;
				GCC_NO_COMMON_BLOCKS = YES;
				GCC_WARN_64_TO_32_BIT_CONVERSION = YES;
				GCC_WARN_ABOUT_RETURN_TYPE = YES_ERROR;
				GCC_WARN_UNDECLARED_SELECTOR = YES;
				GCC_WARN_UNINITIALIZED_AUTOS = YES_AGGRESSIVE;
				GCC_WARN_UNUSED_FUNCTION = YES;
				GCC_WARN_UNUSED_VARIABLE = YES;
				IPHONEOS_DEPLOYMENT_TARGET = 9.2;
				MTL_ENABLE_DEBUG_INFO = NO;
				SDKROOT = iphoneos;
				VALIDATE_PRODUCT = YES;
			};
			name = Release;
		};
		E264880C1CDFC239007127BA /* Debug */ = {
			isa = XCBuildConfiguration;
			buildSettings = {
				ASSETCATALOG_COMPILER_APPICON_NAME = AppIcon;
				CODE_SIGN_IDENTITY = "iPhone Developer";
				"CODE_SIGN_IDENTITY[sdk=iphoneos*]" = "iPhone Developer";
				INFOPLIST_FILE = FF7/Info.plist;
				LD_RUNPATH_SEARCH_PATHS = "$(inherited) @executable_path/Frameworks";
				PRODUCT_BUNDLE_IDENTIFIER = com.vincent.FF7;
				PRODUCT_NAME = "$(TARGET_NAME)";
				PROVISIONING_PROFILE = "";
				SWIFT_VERSION = 3.0;
			};
			name = Debug;
		};
		E264880D1CDFC239007127BA /* Release */ = {
			isa = XCBuildConfiguration;
			buildSettings = {
				ASSETCATALOG_COMPILER_APPICON_NAME = AppIcon;
				CODE_SIGN_IDENTITY = "iPhone Developer";
				"CODE_SIGN_IDENTITY[sdk=iphoneos*]" = "iPhone Developer";
				INFOPLIST_FILE = FF7/Info.plist;
				LD_RUNPATH_SEARCH_PATHS = "$(inherited) @executable_path/Frameworks";
				PRODUCT_BUNDLE_IDENTIFIER = com.vincent.FF7;
				PRODUCT_NAME = "$(TARGET_NAME)";
				PROVISIONING_PROFILE = "";
				SWIFT_VERSION = 3.0;
			};
			name = Release;
		};
/* End XCBuildConfiguration section */

/* Begin XCConfigurationList section */
		E26487F41CDFC239007127BA /* Build configuration list for PBXProject "FF7" */ = {
			isa = XCConfigurationList;
			buildConfigurations = (
				E26488091CDFC239007127BA /* Debug */,
				E264880A1CDFC239007127BA /* Release */,
			);
			defaultConfigurationIsVisible = 0;
			defaultConfigurationName = Release;
		};
		E264880B1CDFC239007127BA /* Build configuration list for PBXNativeTarget "FF7" */ = {
			isa = XCConfigurationList;
			buildConfigurations = (
				E264880C1CDFC239007127BA /* Debug */,
				E264880D1CDFC239007127BA /* Release */,
			);
			defaultConfigurationIsVisible = 0;
			defaultConfigurationName = Release;
		};
/* End XCConfigurationList section */
	};
	rootObject = E26487F11CDFC239007127BA /* Project object */;
}
