// !$*UTF8*$!
{
	archiveVersion = 1;
	classes = {
	};
	objectVersion = 46;
	objects = {

/* Begin PBXBuildFile section */
		E20FE2981C712B88006FE274 /* AppDelegate.swift in Sources */ = {isa = PBXBuildFile; fileRef = E20FE2971C712B88006FE274 /* AppDelegate.swift */; };
		E20FE29A1C712B88006FE274 /* ViewController.swift in Sources */ = {isa = PBXBuildFile; fileRef = E20FE2991C712B88006FE274 /* ViewController.swift */; };
		E20FE29D1C712B88006FE274 /* Main.storyboard in Resources */ = {isa = PBXBuildFile; fileRef = E20FE29B1C712B88006FE274 /* Main.storyboard */; };
		E20FE29F1C712B88006FE274 /* Assets.xcassets in Resources */ = {isa = PBXBuildFile; fileRef = E20FE29E1C712B88006FE274 /* Assets.xcassets */; };
		E20FE2A21C712B88006FE274 /* LaunchScreen.storyboard in Resources */ = {isa = PBXBuildFile; fileRef = E20FE2A01C712B88006FE274 /* LaunchScreen.storyboard */; };
/* End PBXBuildFile section */

/* Begin PBXFileReference section */
		E20FE2941C712B88006FE274 /* Is It Prime?.app */ = {isa = PBXFileReference; explicitFileType = wrapper.application; includeInIndex = 0; path = "Is It Prime?.app"; sourceTree = BUILT_PRODUCTS_DIR; };
		E20FE2971C712B88006FE274 /* AppDelegate.swift */ = {isa = PBXFileReference; lastKnownFileType = sourcecode.swift; path = AppDelegate.swift; sourceTree = "<group>"; };
		E20FE2991C712B88006FE274 /* ViewController.swift */ = {isa = PBXFileReference; lastKnownFileType = sourcecode.swift; path = ViewController.swift; sourceTree = "<group>"; };
		E20FE29C1C712B88006FE274 /* Base */ = {isa = PBXFileReference; lastKnownFileType = file.storyboard; name = Base; path = Base.lproj/Main.storyboard; sourceTree = "<group>"; };
		E20FE29E1C712B88006FE274 /* Assets.xcassets */ = {isa = PBXFileReference; lastKnownFileType = folder.assetcatalog; path = Assets.xcassets; sourceTree = "<group>"; };
		E20FE2A11C712B88006FE274 /* Base */ = {isa = PBXFileReference; lastKnownFileType = file.storyboard; name = Base; path = Base.lproj/LaunchScreen.storyboard; sourceTree = "<group>"; };
		E20FE2A31C712B88006FE274 /* Info.plist */ = {isa = PBXFileReference; lastKnownFileType = text.plist.xml; path = Info.plist; sourceTree = "<group>"; };
/* End PBXFileReference section */

/* Begin PBXFrameworksBuildPhase section */
		E20FE2911C712B88006FE274 /* Frameworks */ = {
			isa = PBXFrameworksBuildPhase;
			buildActionMask = 2147483647;
			files = (
			);
			runOnlyForDeploymentPostprocessing = 0;
		};
/* End PBXFrameworksBuildPhase section */

/* Begin PBXGroup section */
		E20FE28B1C712B88006FE274 = {
			isa = PBXGroup;
			children = (
				E20FE2961C712B88006FE274 /* Is It Prime? */,
				E20FE2951C712B88006FE274 /* Products */,
			);
			sourceTree = "<group>";
		};
		E20FE2951C712B88006FE274 /* Products */ = {
			isa = PBXGroup;
			children = (
				E20FE2941C712B88006FE274 /* Is It Prime?.app */,
			);
			name = Products;
			sourceTree = "<group>";
		};
		E20FE2961C712B88006FE274 /* Is It Prime? */ = {
			isa = PBXGroup;
			children = (
				E20FE2971C712B88006FE274 /* AppDelegate.swift */,
				E20FE2991C712B88006FE274 /* ViewController.swift */,
				E20FE29B1C712B88006FE274 /* Main.storyboard */,
				E20FE29E1C712B88006FE274 /* Assets.xcassets */,
				E20FE2A01C712B88006FE274 /* LaunchScreen.storyboard */,
				E20FE2A31C712B88006FE274 /* Info.plist */,
			);
			path = "Is It Prime?";
			sourceTree = "<group>";
		};
/* End PBXGroup section */

/* Begin PBXNativeTarget section */
		E20FE2931C712B88006FE274 /* Is It Prime? */ = {
			isa = PBXNativeTarget;
			buildConfigurationList = E20FE2A61C712B88006FE274 /* Build configuration list for PBXNativeTarget "Is It Prime?" */;
			buildPhases = (
				E20FE2901C712B88006FE274 /* Sources */,
				E20FE2911C712B88006FE274 /* Frameworks */,
				E20FE2921C712B88006FE274 /* Resources */,
			);
			buildRules = (
			);
			dependencies = (
			);
			name = "Is It Prime?";
			productName = "Is It Prime?";
			productReference = E20FE2941C712B88006FE274 /* Is It Prime?.app */;
			productType = "com.apple.product-type.application";
		};
/* End PBXNativeTarget section */

/* Begin PBXProject section */
		E20FE28C1C712B88006FE274 /* Project object */ = {
			isa = PBXProject;
			attributes = {
				LastSwiftUpdateCheck = 0720;
				LastUpgradeCheck = 0720;
				ORGANIZATIONNAME = "Vincent Barresi";
				TargetAttributes = {
					E20FE2931C712B88006FE274 = {
						CreatedOnToolsVersion = 7.2;
					};
				};
			};
			buildConfigurationList = E20FE28F1C712B88006FE274 /* Build configuration list for PBXProject "Is It Prime?" */;
			compatibilityVersion = "Xcode 3.2";
			developmentRegion = English;
			hasScannedForEncodings = 0;
			knownRegions = (
				en,
				Base,
			);
			mainGroup = E20FE28B1C712B88006FE274;
			productRefGroup = E20FE2951C712B88006FE274 /* Products */;
			projectDirPath = "";
			projectRoot = "";
			targets = (
				E20FE2931C712B88006FE274 /* Is It Prime? */,
			);
		};
/* End PBXProject section */

/* Begin PBXResourcesBuildPhase section */
		E20FE2921C712B88006FE274 /* Resources */ = {
			isa = PBXResourcesBuildPhase;
			buildActionMask = 2147483647;
			files = (
				E20FE2A21C712B88006FE274 /* LaunchScreen.storyboard in Resources */,
				E20FE29F1C712B88006FE274 /* Assets.xcassets in Resources */,
				E20FE29D1C712B88006FE274 /* Main.storyboard in Resources */,
			);
			runOnlyForDeploymentPostprocessing = 0;
		};
/* End PBXResourcesBuildPhase section */

/* Begin PBXSourcesBuildPhase section */
		E20FE2901C712B88006FE274 /* Sources */ = {
			isa = PBXSourcesBuildPhase;
			buildActionMask = 2147483647;
			files = (
				E20FE29A1C712B88006FE274 /* ViewController.swift in Sources */,
				E20FE2981C712B88006FE274 /* AppDelegate.swift in Sources */,
			);
			runOnlyForDeploymentPostprocessing = 0;
		};
/* End PBXSourcesBuildPhase section */

/* Begin PBXVariantGroup section */
		E20FE29B1C712B88006FE274 /* Main.storyboard */ = {
			isa = PBXVariantGroup;
			children = (
				E20FE29C1C712B88006FE274 /* Base */,
			);
			name = Main.storyboard;
			sourceTree = "<group>";
		};
		E20FE2A01C712B88006FE274 /* LaunchScreen.storyboard */ = {
			isa = PBXVariantGroup;
			children = (
				E20FE2A11C712B88006FE274 /* Base */,
			);
			name = LaunchScreen.storyboard;
			sourceTree = "<group>";
		};
/* End PBXVariantGroup section */

/* Begin XCBuildConfiguration section */
		E20FE2A41C712B88006FE274 /* Debug */ = {
			isa = XCBuildConfiguration;
			buildSettings = {
				ALWAYS_SEARCH_USER_PATHS = NO;
				CLANG_CXX_LANGUAGE_STANDARD = "gnu++0x";
				CLANG_CXX_LIBRARY = "libc++";
				CLANG_ENABLE_MODULES = YES;
				CLANG_ENABLE_OBJC_ARC = YES;
				CLANG_WARN_BOOL_CONVERSION = YES;
				CLANG_WARN_CONSTANT_CONVERSION = YES;
				CLANG_WARN_DIRECT_OBJC_ISA_USAGE = YES_ERROR;
				CLANG_WARN_EMPTY_BODY = YES;
				CLANG_WARN_ENUM_CONVERSION = YES;
				CLANG_WARN_INT_CONVERSION = YES;
				CLANG_WARN_OBJC_ROOT_CLASS = YES_ERROR;
				CLANG_WARN_UNREACHABLE_CODE = YES;
				CLANG_WARN__DUPLICATE_METHOD_MATCH = YES;
				"CODE_SIGN_IDENTITY[sdk=iphoneos*]" = "iPhone Developer";
				COPY_PHASE_STRIP = NO;
				DEBUG_INFORMATION_FORMAT = dwarf;
				ENABLE_STRICT_OBJC_MSGSEND = YES;
				ENABLE_TESTABILITY = YES;
				GCC_C_LANGUAGE_STANDARD = gnu99;
				GCC_DYNAMIC_NO_PIC = NO;
				GCC_NO_COMMON_BLOCKS = YES;
				GCC_OPTIMIZATION_LEVEL = 0;
				GCC_PREPROCESSOR_DEFINITIONS = (
					"DEBUG=1",
					"$(inherited)",
				);
				GCC_WARN_64_TO_32_BIT_CONVERSION = YES;
				GCC_WARN_ABOUT_RETURN_TYPE = YES_ERROR;
				GCC_WARN_UNDECLARED_SELECTOR = YES;
				GCC_WARN_UNINITIALIZED_AUTOS = YES_AGGRESSIVE;
				GCC_WARN_UNUSED_FUNCTION = YES;
				GCC_WARN_UNUSED_VARIABLE = YES;
				IPHONEOS_DEPLOYMENT_TARGET = 9.2;
				MTL_ENABLE_DEBUG_INFO = YES;
				ONLY_ACTIVE_ARCH = YES;
				SDKROOT = iphoneos;
				SWIFT_OPTIMIZATION_LEVEL = "-Onone";
			};
			name = Debug;
		};
		E20FE2A51C712B88006FE274 /* Release */ = {
			isa = XCBuildConfiguration;
			buildSettings = {
				ALWAYS_SEARCH_USER_PATHS = NO;
				CLANG_CXX_LANGUAGE_STANDARD = "gnu++0x";
				CLANG_CXX_LIBRARY = "libc++";
				CLANG_ENABLE_MODULES = YES;
				CLANG_ENABLE_OBJC_ARC = YES;
				CLANG_WARN_BOOL_CONVERSION = YES;
				CLANG_WARN_CONSTANT_CONVERSION = YES;
				CLANG_WARN_DIRECT_OBJC_ISA_USAGE = YES_ERROR;
				CLANG_WARN_EMPTY_BODY = YES;
				CLANG_WARN_ENUM_CONVERSION = YES;
				CLANG_WARN_INT_CONVERSION = YES;
				CLANG_WARN_OBJC_ROOT_CLASS = YES_ERROR;
				CLANG_WARN_UNREACHABLE_CODE = YES;
				CLANG_WARN__DUPLICATE_METHOD_MATCH = YES;
				"CODE_SIGN_IDENTITY[sdk=iphoneos*]" = "iPhone Developer";
				COPY_PHASE_STRIP = NO;
				DEBUG_INFORMATION_FORMAT = "dwarf-with-dsym";
				ENABLE_NS_ASSERTIONS = NO;
				ENABLE_STRICT_OBJC_MSGSEND = YES;
				GCC_C_LANGUAGE_STANDARD = gnu99;
				GCC_NO_COMMON_BLOCKS = YES;
				GCC_WARN_64_TO_32_BIT_CONVERSION = YES;
				GCC_WARN_ABOUT_RETURN_TYPE = YES_ERROR;
				GCC_WARN_UNDECLARED_SELECTOR = YES;
				GCC_WARN_UNINITIALIZED_AUTOS = YES_AGGRESSIVE;
				GCC_WARN_UNUSED_FUNCTION = YES;
				GCC_WARN_UNUSED_VARIABLE = YES;
				IPHONEOS_DEPLOYMENT_TARGET = 9.2;
				MTL_ENABLE_DEBUG_INFO = NO;
				SDKROOT = iphoneos;
				VALIDATE_PRODUCT = YES;
			};
			name = Release;
		};
		E20FE2A71C712B88006FE274 /* Debug */ = {
			isa = XCBuildConfiguration;
			buildSettings = {
				ASSETCATALOG_COMPILER_APPICON_NAME = AppIcon;
				INFOPLIST_FILE = "Is It Prime?/Info.plist";
				LD_RUNPATH_SEARCH_PATHS = "$(inherited) @executable_path/Frameworks";
				PRODUCT_BUNDLE_IDENTIFIER = "com.vincent.Is-It-Prime-";
				PRODUCT_NAME = "$(TARGET_NAME)";
			};
			name = Debug;
		};
		E20FE2A81C712B88006FE274 /* Release */ = {
			isa = XCBuildConfiguration;
			buildSettings = {
				ASSETCATALOG_COMPILER_APPICON_NAME = AppIcon;
				INFOPLIST_FILE = "Is It Prime?/Info.plist";
				LD_RUNPATH_SEARCH_PATHS = "$(inherited) @executable_path/Frameworks";
				PRODUCT_BUNDLE_IDENTIFIER = "com.vincent.Is-It-Prime-";
				PRODUCT_NAME = "$(TARGET_NAME)";
			};
			name = Release;
		};
/* End XCBuildConfiguration section */

/* Begin XCConfigurationList section */
		E20FE28F1C712B88006FE274 /* Build configuration list for PBXProject "Is It Prime?" */ = {
			isa = XCConfigurationList;
			buildConfigurations = (
				E20FE2A41C712B88006FE274 /* Debug */,
				E20FE2A51C712B88006FE274 /* Release */,
			);
			defaultConfigurationIsVisible = 0;
			defaultConfigurationName = Release;
		};
		E20FE2A61C712B88006FE274 /* Build configuration list for PBXNativeTarget "Is It Prime?" */ = {
			isa = XCConfigurationList;
			buildConfigurations = (
				E20FE2A71C712B88006FE274 /* Debug */,
				E20FE2A81C712B88006FE274 /* Release */,
			);
			defaultConfigurationIsVisible = 0;
		};
/* End XCConfigurationList section */
	};
	rootObject = E20FE28C1C712B88006FE274 /* Project object */;
}
